
Microsoft Visual Studio Solution File, Format Version 12.00
# Visual Studio Version 17
VisualStudioVersion = 17.6.33723.286
MinimumVisualStudioVersion = 10.0.40219.1
Project("{FAE04EC0-301F-11D3-BF4B-00C04F79EFBC}") = "Headset Battery Info OVRToolkit", "Headset Battery Info OVRToolkit.csproj", "{D6433F6C-892C-42AB-9244-9FEDA4213001}"
EndProject
Global
	GlobalSection(SolutionConfigurationPlatforms) = preSolution
		Debug|Any CPU = Debug|Any CPU
		Release|Any CPU = Release|Any CPU
	EndGlobalSection
	GlobalSection(ProjectConfigurationPlatforms) = postSolution
		{D6433F6C-892C-42AB-9244-9FEDA4213001}.Debug|Any CPU.ActiveCfg = Debug|Any CPU
		{D6433F6C-892C-42AB-9244-9FEDA4213001}.Debug|Any CPU.Build.0 = Debug|Any CPU
		{D6433F6C-892C-42AB-9244-9FEDA4213001}.Release|Any CPU.ActiveCfg = Release|Any CPU
		{D6433F6C-892C-42AB-9244-9FEDA4213001}.Release|Any CPU.Build.0 = Release|Any CPU
	EndGlobalSection
	GlobalSection(SolutionProperties) = preSolution
		HideSolutionNode = FALSE
	EndGlobalSection
	GlobalSection(ExtensibilityGlobals) = postSolution
		SolutionGuid = {A57BF013-EF12-46F5-AFE5-7ACA221A5DAB}
	EndGlobalSection
EndGlobal
